
Microsoft Visual Studio Solution File, Format Version 12.00
# Visual Studio Version 16
VisualStudioVersion = 16.0.31005.135
MinimumVisualStudioVersion = 10.0.40219.1
Project("{FAE04EC0-301F-11D3-BF4B-00C04F79EFBC}") = "StandComClasses", "StandComClasses\StandComClasses.csproj", "{223CF540-6899-42E8-977F-7B2600D5E30C}"
EndProject
Global
	GlobalSection(SolutionConfigurationPlatforms) = preSolution
		Debug|Any CPU = Debug|Any CPU
		Release|Any CPU = Release|Any CPU
	EndGlobalSection
	GlobalSection(ProjectConfigurationPlatforms) = postSolution
		{223CF540-6899-42E8-977F-7B2600D5E30C}.Debug|Any CPU.ActiveCfg = Debug|Any CPU
		{223CF540-6899-42E8-977F-7B2600D5E30C}.Debug|Any CPU.Build.0 = Debug|Any CPU
		{223CF540-6899-42E8-977F-7B2600D5E30C}.Release|Any CPU.ActiveCfg = Release|Any CPU
		{223CF540-6899-42E8-977F-7B2600D5E30C}.Release|Any CPU.Build.0 = Release|Any CPU
	EndGlobalSection
	GlobalSection(SolutionProperties) = preSolution
		HideSolutionNode = FALSE
	EndGlobalSection
	GlobalSection(ExtensibilityGlobals) = postSolution
		SolutionGuid = {E0F4883C-C049-4059-8B03-97F2B304B094}
	EndGlobalSection
EndGlobal
